
Microsoft Visual Studio Solution File, Format Version 12.00
# Visual Studio Version 16
VisualStudioVersion = 16.0.35826.135
MinimumVisualStudioVersion = 10.0.40219.1
Project("{FAE04EC0-301F-11D3-BF4B-00C04F79EFBC}") = "SU3_Prac6", "SU3_Prac6.csproj", "{CF49A2F3-DE96-4A4A-842F-0B85E3688627}"
EndProject
Global
	GlobalSection(SolutionConfigurationPlatforms) = preSolution
		Debug|Any CPU = Debug|Any CPU
		Release|Any CPU = Release|Any CPU
	EndGlobalSection
	GlobalSection(ProjectConfigurationPlatforms) = postSolution
		{CF49A2F3-DE96-4A4A-842F-0B85E3688627}.Debug|Any CPU.ActiveCfg = Debug|Any CPU
		{CF49A2F3-DE96-4A4A-842F-0B85E3688627}.Debug|Any CPU.Build.0 = Debug|Any CPU
		{CF49A2F3-DE96-4A4A-842F-0B85E3688627}.Release|Any CPU.ActiveCfg = Release|Any CPU
		{CF49A2F3-DE96-4A4A-842F-0B85E3688627}.Release|Any CPU.Build.0 = Release|Any CPU
	EndGlobalSection
	GlobalSection(SolutionProperties) = preSolution
		HideSolutionNode = FALSE
	EndGlobalSection
	GlobalSection(ExtensibilityGlobals) = postSolution
		SolutionGuid = {C67744FB-BF09-44D4-A912-DC9F6EA2B0A4}
	EndGlobalSection
EndGlobal
