
Microsoft Visual Studio Solution File, Format Version 12.00
# Visual Studio Version 16
VisualStudioVersion = 16.0.35826.135
MinimumVisualStudioVersion = 10.0.40219.1
Project("{FAE04EC0-301F-11D3-BF4B-00C04F79EFBC}") = "Prac10_SU3", "Prac10_SU3.csproj", "{D81183BF-D18C-4159-B11A-D0E1A0C2B3ED}"
EndProject
Global
	GlobalSection(SolutionConfigurationPlatforms) = preSolution
		Debug|Any CPU = Debug|Any CPU
		Release|Any CPU = Release|Any CPU
	EndGlobalSection
	GlobalSection(ProjectConfigurationPlatforms) = postSolution
		{D81183BF-D18C-4159-B11A-D0E1A0C2B3ED}.Debug|Any CPU.ActiveCfg = Debug|Any CPU
		{D81183BF-D18C-4159-B11A-D0E1A0C2B3ED}.Debug|Any CPU.Build.0 = Debug|Any CPU
		{D81183BF-D18C-4159-B11A-D0E1A0C2B3ED}.Release|Any CPU.ActiveCfg = Release|Any CPU
		{D81183BF-D18C-4159-B11A-D0E1A0C2B3ED}.Release|Any CPU.Build.0 = Release|Any CPU
	EndGlobalSection
	GlobalSection(SolutionProperties) = preSolution
		HideSolutionNode = FALSE
	EndGlobalSection
	GlobalSection(ExtensibilityGlobals) = postSolution
		SolutionGuid = {7C02A1B4-84F8-4459-A8B6-80F01CCC6168}
	EndGlobalSection
EndGlobal
