
Microsoft Visual Studio Solution File, Format Version 12.00
# Visual Studio Version 16
VisualStudioVersion = 16.0.35826.135
MinimumVisualStudioVersion = 10.0.40219.1
Project("{FAE04EC0-301F-11D3-BF4B-00C04F79EFBC}") = "Prac9_SU3", "Prac9_SU3.csproj", "{8774A87D-038A-4E05-AE05-E3A8735F7887}"
EndProject
Global
	GlobalSection(SolutionConfigurationPlatforms) = preSolution
		Debug|Any CPU = Debug|Any CPU
		Release|Any CPU = Release|Any CPU
	EndGlobalSection
	GlobalSection(ProjectConfigurationPlatforms) = postSolution
		{8774A87D-038A-4E05-AE05-E3A8735F7887}.Debug|Any CPU.ActiveCfg = Debug|Any CPU
		{8774A87D-038A-4E05-AE05-E3A8735F7887}.Debug|Any CPU.Build.0 = Debug|Any CPU
		{8774A87D-038A-4E05-AE05-E3A8735F7887}.Release|Any CPU.ActiveCfg = Release|Any CPU
		{8774A87D-038A-4E05-AE05-E3A8735F7887}.Release|Any CPU.Build.0 = Release|Any CPU
	EndGlobalSection
	GlobalSection(SolutionProperties) = preSolution
		HideSolutionNode = FALSE
	EndGlobalSection
	GlobalSection(ExtensibilityGlobals) = postSolution
		SolutionGuid = {5006F49D-3BF7-4CFB-A8C5-40E015AB6DFE}
	EndGlobalSection
EndGlobal
